
Microsoft Visual Studio Solution File, Format Version 11.00
# Visual Studio 2010
Project("{FAE04EC0-301F-11D3-BF4B-00C04F79EFBC}") = "3d-Platformer-Proj", "Assembly-CSharp-firstpass.csproj", "{7597DEB1-3031-AA96-D42F-9B4E58A984F3}"
EndProject
Project("{FAE04EC0-301F-11D3-BF4B-00C04F79EFBC}") = "3d-Platformer-Proj", "Assembly-CSharp-Editor-firstpass.csproj", "{C930BE7E-DA25-0317-8078-3583A995B62C}"
EndProject
Global
	GlobalSection(SolutionConfigurationPlatforms) = preSolution
		Debug|Any CPU = Debug|Any CPU
		Release|Any CPU = Release|Any CPU
	EndGlobalSection
	GlobalSection(ProjectConfigurationPlatforms) = postSolution
		{7597DEB1-3031-AA96-D42F-9B4E58A984F3}.Debug|Any CPU.ActiveCfg = Debug|Any CPU
		{7597DEB1-3031-AA96-D42F-9B4E58A984F3}.Debug|Any CPU.Build.0 = Debug|Any CPU
		{7597DEB1-3031-AA96-D42F-9B4E58A984F3}.Release|Any CPU.ActiveCfg = Release|Any CPU
		{7597DEB1-3031-AA96-D42F-9B4E58A984F3}.Release|Any CPU.Build.0 = Release|Any CPU
		{C930BE7E-DA25-0317-8078-3583A995B62C}.Debug|Any CPU.ActiveCfg = Debug|Any CPU
		{C930BE7E-DA25-0317-8078-3583A995B62C}.Debug|Any CPU.Build.0 = Debug|Any CPU
		{C930BE7E-DA25-0317-8078-3583A995B62C}.Release|Any CPU.ActiveCfg = Release|Any CPU
		{C930BE7E-DA25-0317-8078-3583A995B62C}.Release|Any CPU.Build.0 = Release|Any CPU
	EndGlobalSection
	GlobalSection(SolutionProperties) = preSolution
		HideSolutionNode = FALSE
	EndGlobalSection
	GlobalSection(MonoDevelopProperties) = preSolution
		StartupItem = Assembly-CSharp.csproj
	EndGlobalSection
EndGlobal
